// !$*UTF8*$!
{
	archiveVersion = 1;
	classes = {
	};
	objectVersion = 48;
	objects = {

/* Begin PBXBuildFile section */
		34A2468F1FD458DB00273354 /* AppDelegate.swift in Sources */ = {isa = PBXBuildFile; fileRef = 34A2468E1FD458DB00273354 /* AppDelegate.swift */; };
		34A246941FD458DB00273354 /* Main.storyboard in Resources */ = {isa = PBXBuildFile; fileRef = 34A246921FD458DB00273354 /* Main.storyboard */; };
		34A246961FD458DB00273354 /* Assets.xcassets in Resources */ = {isa = PBXBuildFile; fileRef = 34A246951FD458DB00273354 /* Assets.xcassets */; };
		34A246991FD458DB00273354 /* LaunchScreen.storyboard in Resources */ = {isa = PBXBuildFile; fileRef = 34A246971FD458DB00273354 /* LaunchScreen.storyboard */; };
		34A246A31FD4645800273354 /* Globe.storyboard in Resources */ = {isa = PBXBuildFile; fileRef = 34A246A21FD4645800273354 /* Globe.storyboard */; };
		34A246A51FD464E100273354 /* Ground.storyboard in Resources */ = {isa = PBXBuildFile; fileRef = 34A246A41FD464E100273354 /* Ground.storyboard */; };
		34A246A71FD4674D00273354 /* Icons.xcassets in Resources */ = {isa = PBXBuildFile; fileRef = 34A246A61FD4674D00273354 /* Icons.xcassets */; };
		34A246AB1FD468EC00273354 /* GlobeViewController.swift in Sources */ = {isa = PBXBuildFile; fileRef = 34A246AA1FD468EC00273354 /* GlobeViewController.swift */; };
		34A246B21FD46A0500273354 /* coloredTiles.mbtiles in Resources */ = {isa = PBXBuildFile; fileRef = 34A246B11FD46A0500273354 /* coloredTiles.mbtiles */; };
		34A246B41FD46A4B00273354 /* LocalTile.swift in Sources */ = {isa = PBXBuildFile; fileRef = 34A246B31FD46A4B00273354 /* LocalTile.swift */; };
		34A246B61FD4A19700273354 /* SpaceBackgroundView.swift in Sources */ = {isa = PBXBuildFile; fileRef = 34A246B51FD4A19700273354 /* SpaceBackgroundView.swift */; };
		34A246C41FD4E62400273354 /* MediaManager.swift in Sources */ = {isa = PBXBuildFile; fileRef = 34A246C31FD4E62400273354 /* MediaManager.swift */; };
		34A246C61FD4EDA600273354 /* GlobeManager.swift in Sources */ = {isa = PBXBuildFile; fileRef = 34A246C51FD4EDA600273354 /* GlobeManager.swift */; };
		34A246C81FD5B45B00273354 /* AnimationMovement.swift in Sources */ = {isa = PBXBuildFile; fileRef = 34A246C71FD5B45B00273354 /* AnimationMovement.swift */; };
		34A246CB1FD5B7F100273354 /* GlobeAnimation.swift in Sources */ = {isa = PBXBuildFile; fileRef = 34A246CA1FD5B7F100273354 /* GlobeAnimation.swift */; };
		34A246D21FD64C6500273354 /* EarthlyTabBarController.swift in Sources */ = {isa = PBXBuildFile; fileRef = 34A246D11FD64C6500273354 /* EarthlyTabBarController.swift */; };
		5AD5D48F4DD37C74BD4A468D /* Pods_Earthly.framework in Frameworks */ = {isa = PBXBuildFile; fileRef = DAD10637407C05D46CCA8955 /* Pods_Earthly.framework */; };
/* End PBXBuildFile section */

/* Begin PBXFileReference section */
		34A2468B1FD458DB00273354 /* Earthly.app */ = {isa = PBXFileReference; explicitFileType = wrapper.application; includeInIndex = 0; path = Earthly.app; sourceTree = BUILT_PRODUCTS_DIR; };
		34A2468E1FD458DB00273354 /* AppDelegate.swift */ = {isa = PBXFileReference; lastKnownFileType = sourcecode.swift; path = AppDelegate.swift; sourceTree = "<group>"; };
		34A246931FD458DB00273354 /* Base */ = {isa = PBXFileReference; lastKnownFileType = file.storyboard; name = Base; path = Base.lproj/Main.storyboard; sourceTree = "<group>"; };
		34A246951FD458DB00273354 /* Assets.xcassets */ = {isa = PBXFileReference; lastKnownFileType = folder.assetcatalog; path = Assets.xcassets; sourceTree = "<group>"; };
		34A246981FD458DB00273354 /* Base */ = {isa = PBXFileReference; lastKnownFileType = file.storyboard; name = Base; path = Base.lproj/LaunchScreen.storyboard; sourceTree = "<group>"; };
		34A2469A1FD458DB00273354 /* Info.plist */ = {isa = PBXFileReference; lastKnownFileType = text.plist.xml; path = Info.plist; sourceTree = "<group>"; };
		34A246A21FD4645800273354 /* Globe.storyboard */ = {isa = PBXFileReference; lastKnownFileType = file.storyboard; path = Globe.storyboard; sourceTree = "<group>"; };
		34A246A41FD464E100273354 /* Ground.storyboard */ = {isa = PBXFileReference; lastKnownFileType = file.storyboard; path = Ground.storyboard; sourceTree = "<group>"; };
		34A246A61FD4674D00273354 /* Icons.xcassets */ = {isa = PBXFileReference; lastKnownFileType = folder.assetcatalog; path = Icons.xcassets; sourceTree = "<group>"; };
		34A246AA1FD468EC00273354 /* GlobeViewController.swift */ = {isa = PBXFileReference; lastKnownFileType = sourcecode.swift; path = GlobeViewController.swift; sourceTree = "<group>"; };
		34A246B11FD46A0500273354 /* coloredTiles.mbtiles */ = {isa = PBXFileReference; lastKnownFileType = file; path = coloredTiles.mbtiles; sourceTree = "<group>"; };
		34A246B31FD46A4B00273354 /* LocalTile.swift */ = {isa = PBXFileReference; lastKnownFileType = sourcecode.swift; path = LocalTile.swift; sourceTree = "<group>"; };
		34A246B51FD4A19700273354 /* SpaceBackgroundView.swift */ = {isa = PBXFileReference; lastKnownFileType = sourcecode.swift; path = SpaceBackgroundView.swift; sourceTree = "<group>"; };
		34A246C31FD4E62400273354 /* MediaManager.swift */ = {isa = PBXFileReference; lastKnownFileType = sourcecode.swift; path = MediaManager.swift; sourceTree = "<group>"; };
		34A246C51FD4EDA600273354 /* GlobeManager.swift */ = {isa = PBXFileReference; lastKnownFileType = sourcecode.swift; path = GlobeManager.swift; sourceTree = "<group>"; };
		34A246C71FD5B45B00273354 /* AnimationMovement.swift */ = {isa = PBXFileReference; lastKnownFileType = sourcecode.swift; path = AnimationMovement.swift; sourceTree = "<group>"; };
		34A246CA1FD5B7F100273354 /* GlobeAnimation.swift */ = {isa = PBXFileReference; lastKnownFileType = sourcecode.swift; path = GlobeAnimation.swift; sourceTree = "<group>"; };
		34A246D11FD64C6500273354 /* EarthlyTabBarController.swift */ = {isa = PBXFileReference; fileEncoding = 4; lastKnownFileType = sourcecode.swift; path = EarthlyTabBarController.swift; sourceTree = "<group>"; };
		3788E20352B800F25ABB01EB /* Pods-Earthly.debug.xcconfig */ = {isa = PBXFileReference; includeInIndex = 1; lastKnownFileType = text.xcconfig; name = "Pods-Earthly.debug.xcconfig"; path = "Pods/Target Support Files/Pods-Earthly/Pods-Earthly.debug.xcconfig"; sourceTree = "<group>"; };
		BCBA22ACAFB315E1EC16768D /* Pods-Earthly.release.xcconfig */ = {isa = PBXFileReference; includeInIndex = 1; lastKnownFileType = text.xcconfig; name = "Pods-Earthly.release.xcconfig"; path = "Pods/Target Support Files/Pods-Earthly/Pods-Earthly.release.xcconfig"; sourceTree = "<group>"; };
		DAD10637407C05D46CCA8955 /* Pods_Earthly.framework */ = {isa = PBXFileReference; explicitFileType = wrapper.framework; includeInIndex = 0; path = Pods_Earthly.framework; sourceTree = BUILT_PRODUCTS_DIR; };
/* End PBXFileReference section */

/* Begin PBXFrameworksBuildPhase section */
		34A246881FD458DB00273354 /* Frameworks */ = {
			isa = PBXFrameworksBuildPhase;
			buildActionMask = 2147483647;
			files = (
				5AD5D48F4DD37C74BD4A468D /* Pods_Earthly.framework in Frameworks */,
			);
			runOnlyForDeploymentPostprocessing = 0;
		};
/* End PBXFrameworksBuildPhase section */

/* Begin PBXGroup section */
		2D4B7A187171D7BCDB4C0CAD /* Frameworks */ = {
			isa = PBXGroup;
			children = (
				DAD10637407C05D46CCA8955 /* Pods_Earthly.framework */,
			);
			name = Frameworks;
			sourceTree = "<group>";
		};
		34A246821FD458DB00273354 = {
			isa = PBXGroup;
			children = (
				34A2468D1FD458DB00273354 /* Earthly */,
				34A2468E1FD458DB00273354 /* AppDelegate.swift */,
				34A2468C1FD458DB00273354 /* Products */,
				4E46023F44054DE1908D3AE9 /* Pods */,
				2D4B7A187171D7BCDB4C0CAD /* Frameworks */,
			);
			sourceTree = "<group>";
		};
		34A2468C1FD458DB00273354 /* Products */ = {
			isa = PBXGroup;
			children = (
				34A2468B1FD458DB00273354 /* Earthly.app */,
			);
			name = Products;
			sourceTree = "<group>";
		};
		34A2468D1FD458DB00273354 /* Earthly */ = {
			isa = PBXGroup;
			children = (
				34A246D01FD64C4900273354 /* Core */,
				34A246A91FD468C800273354 /* Ground */,
				34A246A81FD468C000273354 /* Globe */,
				34A246A11FD4643900273354 /* Storyboards */,
				34A246A01FD458E700273354 /* Supporting Files */,
			);
			path = Earthly;
			sourceTree = "<group>";
		};
		34A246A01FD458E700273354 /* Supporting Files */ = {
			isa = PBXGroup;
			children = (
				34A246AC1FD4699600273354 /* Assets */,
				34A2469A1FD458DB00273354 /* Info.plist */,
			);
			path = "Supporting Files";
			sourceTree = "<group>";
		};
		34A246A11FD4643900273354 /* Storyboards */ = {
			isa = PBXGroup;
			children = (
				34A246921FD458DB00273354 /* Main.storyboard */,
				34A246A21FD4645800273354 /* Globe.storyboard */,
				34A246A41FD464E100273354 /* Ground.storyboard */,
				34A246971FD458DB00273354 /* LaunchScreen.storyboard */,
			);
			path = Storyboards;
			sourceTree = "<group>";
		};
		34A246A81FD468C000273354 /* Globe */ = {
			isa = PBXGroup;
			children = (
				34A246AE1FD469AF00273354 /* Model */,
				34A246AF1FD469BA00273354 /* View */,
				34A246AD1FD469A700273354 /* Controller */,
			);
			path = Globe;
			sourceTree = "<group>";
		};
		34A246A91FD468C800273354 /* Ground */ = {
			isa = PBXGroup;
			children = (
			);
			path = Ground;
			sourceTree = "<group>";
		};
		34A246AC1FD4699600273354 /* Assets */ = {
			isa = PBXGroup;
			children = (
				34A246951FD458DB00273354 /* Assets.xcassets */,
				34A246A61FD4674D00273354 /* Icons.xcassets */,
			);
			path = Assets;
			sourceTree = "<group>";
		};
		34A246AD1FD469A700273354 /* Controller */ = {
			isa = PBXGroup;
			children = (
				34A246AA1FD468EC00273354 /* GlobeViewController.swift */,
			);
			path = Controller;
			sourceTree = "<group>";
		};
		34A246AE1FD469AF00273354 /* Model */ = {
			isa = PBXGroup;
			children = (
				34A246C21FD4E61600273354 /* Managers */,
				34A246B01FD469C200273354 /* Tile Sources */,
			);
			path = Model;
			sourceTree = "<group>";
		};
		34A246AF1FD469BA00273354 /* View */ = {
			isa = PBXGroup;
			children = (
				34A246B51FD4A19700273354 /* SpaceBackgroundView.swift */,
				34A246C91FD5B7E500273354 /* Animation */,
			);
			path = View;
			sourceTree = "<group>";
		};
		34A246B01FD469C200273354 /* Tile Sources */ = {
			isa = PBXGroup;
			children = (
				34A246B31FD46A4B00273354 /* LocalTile.swift */,
				34A246B11FD46A0500273354 /* coloredTiles.mbtiles */,
			);
			path = "Tile Sources";
			sourceTree = "<group>";
		};
		34A246C21FD4E61600273354 /* Managers */ = {
			isa = PBXGroup;
			children = (
				34A246C51FD4EDA600273354 /* GlobeManager.swift */,
				34A246C31FD4E62400273354 /* MediaManager.swift */,
			);
			path = Managers;
			sourceTree = "<group>";
		};
		34A246C91FD5B7E500273354 /* Animation */ = {
			isa = PBXGroup;
			children = (
				34A246C71FD5B45B00273354 /* AnimationMovement.swift */,
				34A246CA1FD5B7F100273354 /* GlobeAnimation.swift */,
			);
			path = Animation;
			sourceTree = "<group>";
		};
		34A246D01FD64C4900273354 /* Core */ = {
			isa = PBXGroup;
			children = (
				34A246D11FD64C6500273354 /* EarthlyTabBarController.swift */,
			);
			path = Core;
			sourceTree = "<group>";
		};
		4E46023F44054DE1908D3AE9 /* Pods */ = {
			isa = PBXGroup;
			children = (
				3788E20352B800F25ABB01EB /* Pods-Earthly.debug.xcconfig */,
				BCBA22ACAFB315E1EC16768D /* Pods-Earthly.release.xcconfig */,
			);
			name = Pods;
			sourceTree = "<group>";
		};
/* End PBXGroup section */

/* Begin PBXNativeTarget section */
		34A2468A1FD458DB00273354 /* Earthly */ = {
			isa = PBXNativeTarget;
			buildConfigurationList = 34A2469D1FD458DB00273354 /* Build configuration list for PBXNativeTarget "Earthly" */;
			buildPhases = (
				684EFF99F5CFD162ABA5122C /* [CP] Check Pods Manifest.lock */,
				34A246871FD458DB00273354 /* Sources */,
				34A246881FD458DB00273354 /* Frameworks */,
				34A246891FD458DB00273354 /* Resources */,
				A04951872E90ADC516284C65 /* [CP] Embed Pods Frameworks */,
				3A01AF8E152674EAC112136C /* [CP] Copy Pods Resources */,
			);
			buildRules = (
			);
			dependencies = (
			);
			name = Earthly;
			productName = Earthly;
			productReference = 34A2468B1FD458DB00273354 /* Earthly.app */;
			productType = "com.apple.product-type.application";
		};
/* End PBXNativeTarget section */

/* Begin PBXProject section */
		34A246831FD458DB00273354 /* Project object */ = {
			isa = PBXProject;
			attributes = {
				LastSwiftUpdateCheck = 0910;
				LastUpgradeCheck = 0910;
				ORGANIZATIONNAME = "Max Rogers";
				TargetAttributes = {
					34A2468A1FD458DB00273354 = {
						CreatedOnToolsVersion = 9.1;
						ProvisioningStyle = Automatic;
					};
				};
			};
			buildConfigurationList = 34A246861FD458DB00273354 /* Build configuration list for PBXProject "Earthly" */;
			compatibilityVersion = "Xcode 8.0";
			developmentRegion = en;
			hasScannedForEncodings = 0;
			knownRegions = (
				en,
				Base,
			);
			mainGroup = 34A246821FD458DB00273354;
			productRefGroup = 34A2468C1FD458DB00273354 /* Products */;
			projectDirPath = "";
			projectRoot = "";
			targets = (
				34A2468A1FD458DB00273354 /* Earthly */,
			);
		};
/* End PBXProject section */

/* Begin PBXResourcesBuildPhase section */
		34A246891FD458DB00273354 /* Resources */ = {
			isa = PBXResourcesBuildPhase;
			buildActionMask = 2147483647;
			files = (
				34A246A31FD4645800273354 /* Globe.storyboard in Resources */,
				34A246991FD458DB00273354 /* LaunchScreen.storyboard in Resources */,
				34A246A51FD464E100273354 /* Ground.storyboard in Resources */,
				34A246961FD458DB00273354 /* Assets.xcassets in Resources */,
				34A246B21FD46A0500273354 /* coloredTiles.mbtiles in Resources */,
				34A246A71FD4674D00273354 /* Icons.xcassets in Resources */,
				34A246941FD458DB00273354 /* Main.storyboard in Resources */,
			);
			runOnlyForDeploymentPostprocessing = 0;
		};
/* End PBXResourcesBuildPhase section */

/* Begin PBXShellScriptBuildPhase section */
		3A01AF8E152674EAC112136C /* [CP] Copy Pods Resources */ = {
			isa = PBXShellScriptBuildPhase;
			buildActionMask = 2147483647;
			files = (
			);
			inputPaths = (
			);
			name = "[CP] Copy Pods Resources";
			outputPaths = (
			);
			runOnlyForDeploymentPostprocessing = 0;
			shellPath = /bin/sh;
			shellScript = "\"${SRCROOT}/Pods/Target Support Files/Pods-Earthly/Pods-Earthly-resources.sh\"\n";
			showEnvVarsInLog = 0;
		};
		684EFF99F5CFD162ABA5122C /* [CP] Check Pods Manifest.lock */ = {
			isa = PBXShellScriptBuildPhase;
			buildActionMask = 2147483647;
			files = (
			);
			inputPaths = (
			);
			name = "[CP] Check Pods Manifest.lock";
			outputPaths = (
			);
			runOnlyForDeploymentPostprocessing = 0;
			shellPath = /bin/sh;
			shellScript = "diff \"${PODS_PODFILE_DIR_PATH}/Podfile.lock\" \"${PODS_ROOT}/Manifest.lock\" > /dev/null\nif [ $? != 0 ] ; then\n    # print error to STDERR\n    echo \"error: The sandbox is not in sync with the Podfile.lock. Run 'pod install' or update your CocoaPods installation.\" >&2\n    exit 1\nfi\n";
			showEnvVarsInLog = 0;
		};
		A04951872E90ADC516284C65 /* [CP] Embed Pods Frameworks */ = {
			isa = PBXShellScriptBuildPhase;
			buildActionMask = 2147483647;
			files = (
			);
			inputPaths = (
			);
			name = "[CP] Embed Pods Frameworks";
			outputPaths = (
			);
			runOnlyForDeploymentPostprocessing = 0;
			shellPath = /bin/sh;
			shellScript = "\"${SRCROOT}/Pods/Target Support Files/Pods-Earthly/Pods-Earthly-frameworks.sh\"\n";
			showEnvVarsInLog = 0;
		};
/* End PBXShellScriptBuildPhase section */

/* Begin PBXSourcesBuildPhase section */
		34A246871FD458DB00273354 /* Sources */ = {
			isa = PBXSourcesBuildPhase;
			buildActionMask = 2147483647;
			files = (
				34A246CB1FD5B7F100273354 /* GlobeAnimation.swift in Sources */,
				34A246D21FD64C6500273354 /* EarthlyTabBarController.swift in Sources */,
				34A246B41FD46A4B00273354 /* LocalTile.swift in Sources */,
				34A246AB1FD468EC00273354 /* GlobeViewController.swift in Sources */,
				34A246C81FD5B45B00273354 /* AnimationMovement.swift in Sources */,
				34A2468F1FD458DB00273354 /* AppDelegate.swift in Sources */,
				34A246C61FD4EDA600273354 /* GlobeManager.swift in Sources */,
				34A246B61FD4A19700273354 /* SpaceBackgroundView.swift in Sources */,
				34A246C41FD4E62400273354 /* MediaManager.swift in Sources */,
			);
			runOnlyForDeploymentPostprocessing = 0;
		};
/* End PBXSourcesBuildPhase section */

/* Begin PBXVariantGroup section */
		34A246921FD458DB00273354 /* Main.storyboard */ = {
			isa = PBXVariantGroup;
			children = (
				34A246931FD458DB00273354 /* Base */,
			);
			name = Main.storyboard;
			sourceTree = "<group>";
		};
		34A246971FD458DB00273354 /* LaunchScreen.storyboard */ = {
			isa = PBXVariantGroup;
			children = (
				34A246981FD458DB00273354 /* Base */,
			);
			name = LaunchScreen.storyboard;
			sourceTree = "<group>";
		};
/* End PBXVariantGroup section */

/* Begin XCBuildConfiguration section */
		34A2469B1FD458DB00273354 /* Debug */ = {
			isa = XCBuildConfiguration;
			buildSettings = {
				ALWAYS_SEARCH_USER_PATHS = NO;
				CLANG_ANALYZER_NONNULL = YES;
				CLANG_ANALYZER_NUMBER_OBJECT_CONVERSION = YES_AGGRESSIVE;
				CLANG_CXX_LANGUAGE_STANDARD = "gnu++14";
				CLANG_CXX_LIBRARY = "libc++";
				CLANG_ENABLE_MODULES = YES;
				CLANG_ENABLE_OBJC_ARC = YES;
				CLANG_WARN_BLOCK_CAPTURE_AUTORELEASING = YES;
				CLANG_WARN_BOOL_CONVERSION = YES;
				CLANG_WARN_COMMA = YES;
				CLANG_WARN_CONSTANT_CONVERSION = YES;
				CLANG_WARN_DIRECT_OBJC_ISA_USAGE = YES_ERROR;
				CLANG_WARN_DOCUMENTATION_COMMENTS = YES;
				CLANG_WARN_EMPTY_BODY = YES;
				CLANG_WARN_ENUM_CONVERSION = YES;
				CLANG_WARN_INFINITE_RECURSION = YES;
				CLANG_WARN_INT_CONVERSION = YES;
				CLANG_WARN_NON_LITERAL_NULL_CONVERSION = YES;
				CLANG_WARN_OBJC_LITERAL_CONVERSION = YES;
				CLANG_WARN_OBJC_ROOT_CLASS = YES_ERROR;
				CLANG_WARN_RANGE_LOOP_ANALYSIS = YES;
				CLANG_WARN_STRICT_PROTOTYPES = YES;
				CLANG_WARN_SUSPICIOUS_MOVE = YES;
				CLANG_WARN_UNGUARDED_AVAILABILITY = YES_AGGRESSIVE;
				CLANG_WARN_UNREACHABLE_CODE = YES;
				CLANG_WARN__DUPLICATE_METHOD_MATCH = YES;
				CODE_SIGN_IDENTITY = "iPhone Developer";
				COPY_PHASE_STRIP = NO;
				DEBUG_INFORMATION_FORMAT = dwarf;
				ENABLE_STRICT_OBJC_MSGSEND = YES;
				ENABLE_TESTABILITY = YES;
				GCC_C_LANGUAGE_STANDARD = gnu11;
				GCC_DYNAMIC_NO_PIC = NO;
				GCC_NO_COMMON_BLOCKS = YES;
				GCC_OPTIMIZATION_LEVEL = 0;
				GCC_PREPROCESSOR_DEFINITIONS = (
					"DEBUG=1",
					"$(inherited)",
				);
				GCC_WARN_64_TO_32_BIT_CONVERSION = YES;
				GCC_WARN_ABOUT_RETURN_TYPE = YES_ERROR;
				GCC_WARN_UNDECLARED_SELECTOR = YES;
				GCC_WARN_UNINITIALIZED_AUTOS = YES_AGGRESSIVE;
				GCC_WARN_UNUSED_FUNCTION = YES;
				GCC_WARN_UNUSED_VARIABLE = YES;
				IPHONEOS_DEPLOYMENT_TARGET = 11.1;
				MTL_ENABLE_DEBUG_INFO = YES;
				ONLY_ACTIVE_ARCH = YES;
				SDKROOT = iphoneos;
				SWIFT_ACTIVE_COMPILATION_CONDITIONS = DEBUG;
				SWIFT_OPTIMIZATION_LEVEL = "-Onone";
			};
			name = Debug;
		};
		34A2469C1FD458DB00273354 /* Release */ = {
			isa = XCBuildConfiguration;
			buildSettings = {
				ALWAYS_SEARCH_USER_PATHS = NO;
				CLANG_ANALYZER_NONNULL = YES;
				CLANG_ANALYZER_NUMBER_OBJECT_CONVERSION = YES_AGGRESSIVE;
				CLANG_CXX_LANGUAGE_STANDARD = "gnu++14";
				CLANG_CXX_LIBRARY = "libc++";
				CLANG_ENABLE_MODULES = YES;
				CLANG_ENABLE_OBJC_ARC = YES;
				CLANG_WARN_BLOCK_CAPTURE_AUTORELEASING = YES;
				CLANG_WARN_BOOL_CONVERSION = YES;
				CLANG_WARN_COMMA = YES;
				CLANG_WARN_CONSTANT_CONVERSION = YES;
				CLANG_WARN_DIRECT_OBJC_ISA_USAGE = YES_ERROR;
				CLANG_WARN_DOCUMENTATION_COMMENTS = YES;
				CLANG_WARN_EMPTY_BODY = YES;
				CLANG_WARN_ENUM_CONVERSION = YES;
				CLANG_WARN_INFINITE_RECURSION = YES;
				CLANG_WARN_INT_CONVERSION = YES;
				CLANG_WARN_NON_LITERAL_NULL_CONVERSION = YES;
				CLANG_WARN_OBJC_LITERAL_CONVERSION = YES;
				CLANG_WARN_OBJC_ROOT_CLASS = YES_ERROR;
				CLANG_WARN_RANGE_LOOP_ANALYSIS = YES;
				CLANG_WARN_STRICT_PROTOTYPES = YES;
				CLANG_WARN_SUSPICIOUS_MOVE = YES;
				CLANG_WARN_UNGUARDED_AVAILABILITY = YES_AGGRESSIVE;
				CLANG_WARN_UNREACHABLE_CODE = YES;
				CLANG_WARN__DUPLICATE_METHOD_MATCH = YES;
				CODE_SIGN_IDENTITY = "iPhone Developer";
				COPY_PHASE_STRIP = NO;
				DEBUG_INFORMATION_FORMAT = "dwarf-with-dsym";
				ENABLE_NS_ASSERTIONS = NO;
				ENABLE_STRICT_OBJC_MSGSEND = YES;
				GCC_C_LANGUAGE_STANDARD = gnu11;
				GCC_NO_COMMON_BLOCKS = YES;
				GCC_WARN_64_TO_32_BIT_CONVERSION = YES;
				GCC_WARN_ABOUT_RETURN_TYPE = YES_ERROR;
				GCC_WARN_UNDECLARED_SELECTOR = YES;
				GCC_WARN_UNINITIALIZED_AUTOS = YES_AGGRESSIVE;
				GCC_WARN_UNUSED_FUNCTION = YES;
				GCC_WARN_UNUSED_VARIABLE = YES;
				IPHONEOS_DEPLOYMENT_TARGET = 11.1;
				MTL_ENABLE_DEBUG_INFO = NO;
				SDKROOT = iphoneos;
				SWIFT_OPTIMIZATION_LEVEL = "-Owholemodule";
				VALIDATE_PRODUCT = YES;
			};
			name = Release;
		};
		34A2469E1FD458DB00273354 /* Debug */ = {
			isa = XCBuildConfiguration;
			baseConfigurationReference = 3788E20352B800F25ABB01EB /* Pods-Earthly.debug.xcconfig */;
			buildSettings = {
				ASSETCATALOG_COMPILER_APPICON_NAME = AppIcon;
				CODE_SIGN_STYLE = Automatic;
				DEVELOPMENT_TEAM = 9AS2TD23UD;
				INFOPLIST_FILE = "$(SRCROOT)/Earthly/Supporting Files/Info.plist";
				IPHONEOS_DEPLOYMENT_TARGET = 11.0;
				LD_RUNPATH_SEARCH_PATHS = "$(inherited) @executable_path/Frameworks";
				PRODUCT_BUNDLE_IDENTIFIER = me.maxrogers.Earthly;
				PRODUCT_NAME = "$(TARGET_NAME)";
				SWIFT_VERSION = 4.0;
				TARGETED_DEVICE_FAMILY = 1;
			};
			name = Debug;
		};
		34A2469F1FD458DB00273354 /* Release */ = {
			isa = XCBuildConfiguration;
			baseConfigurationReference = BCBA22ACAFB315E1EC16768D /* Pods-Earthly.release.xcconfig */;
			buildSettings = {
				ASSETCATALOG_COMPILER_APPICON_NAME = AppIcon;
				CODE_SIGN_STYLE = Automatic;
				DEVELOPMENT_TEAM = 9AS2TD23UD;
				INFOPLIST_FILE = "$(SRCROOT)/Earthly/Supporting Files/Info.plist";
				IPHONEOS_DEPLOYMENT_TARGET = 11.0;
				LD_RUNPATH_SEARCH_PATHS = "$(inherited) @executable_path/Frameworks";
				PRODUCT_BUNDLE_IDENTIFIER = me.maxrogers.Earthly;
				PRODUCT_NAME = "$(TARGET_NAME)";
				SWIFT_VERSION = 4.0;
				TARGETED_DEVICE_FAMILY = 1;
			};
			name = Release;
		};
/* End XCBuildConfiguration section */

/* Begin XCConfigurationList section */
		34A246861FD458DB00273354 /* Build configuration list for PBXProject "Earthly" */ = {
			isa = XCConfigurationList;
			buildConfigurations = (
				34A2469B1FD458DB00273354 /* Debug */,
				34A2469C1FD458DB00273354 /* Release */,
			);
			defaultConfigurationIsVisible = 0;
			defaultConfigurationName = Release;
		};
		34A2469D1FD458DB00273354 /* Build configuration list for PBXNativeTarget "Earthly" */ = {
			isa = XCConfigurationList;
			buildConfigurations = (
				34A2469E1FD458DB00273354 /* Debug */,
				34A2469F1FD458DB00273354 /* Release */,
			);
			defaultConfigurationIsVisible = 0;
			defaultConfigurationName = Release;
		};
/* End XCConfigurationList section */
	};
	rootObject = 34A246831FD458DB00273354 /* Project object */;
}
